
Microsoft Visual Studio Solution File, Format Version 12.00
# Visual Studio 15
VisualStudioVersion = 15.0.28307.438
MinimumVisualStudioVersion = 10.0.40219.1
Project("{FAE04EC0-301F-11D3-BF4B-00C04F79EFBC}") = "WannaSmile", "WannaSmile\WannaSmile.csproj", "{0B321FA6-31EC-425D-A469-86074871B1FC}"
EndProject
Global
	GlobalSection(SolutionConfigurationPlatforms) = preSolution
		Debug|Any CPU = Debug|Any CPU
		Release|Any CPU = Release|Any CPU
	EndGlobalSection
	GlobalSection(ProjectConfigurationPlatforms) = postSolution
		{0B321FA6-31EC-425D-A469-86074871B1FC}.Debug|Any CPU.ActiveCfg = Debug|Any CPU
		{0B321FA6-31EC-425D-A469-86074871B1FC}.Debug|Any CPU.Build.0 = Debug|Any CPU
		{0B321FA6-31EC-425D-A469-86074871B1FC}.Release|Any CPU.ActiveCfg = Release|Any CPU
		{0B321FA6-31EC-425D-A469-86074871B1FC}.Release|Any CPU.Build.0 = Release|Any CPU
	EndGlobalSection
	GlobalSection(SolutionProperties) = preSolution
		HideSolutionNode = FALSE
	EndGlobalSection
	GlobalSection(ExtensibilityGlobals) = postSolution
		SolutionGuid = {4CA1DC43-D68F-4417-B66F-63AD94FC130C}
	EndGlobalSection
EndGlobal
